# THIS IS AN AUTOGENERATED FILE. DO NOT EDIT THIS FILE DIRECTLY.
# yarn lockfile v1


typescript-string-enums@^1.0.0:
  version "1.0.0"
  resolved "https://registry.yarnpkg.com/typescript-string-enums/-/typescript-string-enums-1.0.0.tgz#4e6bf18e3c6ef02efc80bb35c7edf31b78953d2f"
  integrity sha512-7ZtI+QpAihetJPm2qSEzH6P9m7cy3Fqa+Y9L3ONS0PStfjBgB2hiaS07qLmBolwGbPko2blakPfcgT3g+Mh7Fw==
